
Microsoft Visual Studio Solution File, Format Version 12.00
# Visual Studio Version 17
VisualStudioVersion = 17.8.34330.188
MinimumVisualStudioVersion = 10.0.40219.1
Project("{FAE04EC0-301F-11D3-BF4B-00C04F79EFBC}") = "webApiPractice", "webApiPractice\webApiPractice.csproj", "{A9076B44-A133-434E-A15C-03DF5B4D893C}"
EndProject
Global
	GlobalSection(SolutionConfigurationPlatforms) = preSolution
		Debug|Any CPU = Debug|Any CPU
		Release|Any CPU = Release|Any CPU
	EndGlobalSection
	GlobalSection(ProjectConfigurationPlatforms) = postSolution
		{A9076B44-A133-434E-A15C-03DF5B4D893C}.Debug|Any CPU.ActiveCfg = Debug|Any CPU
		{A9076B44-A133-434E-A15C-03DF5B4D893C}.Debug|Any CPU.Build.0 = Debug|Any CPU
		{A9076B44-A133-434E-A15C-03DF5B4D893C}.Release|Any CPU.ActiveCfg = Release|Any CPU
		{A9076B44-A133-434E-A15C-03DF5B4D893C}.Release|Any CPU.Build.0 = Release|Any CPU
	EndGlobalSection
	GlobalSection(SolutionProperties) = preSolution
		HideSolutionNode = FALSE
	EndGlobalSection
	GlobalSection(ExtensibilityGlobals) = postSolution
		SolutionGuid = {BC4F405D-4CF4-466C-8C7F-31B5006E92D7}
	EndGlobalSection
EndGlobal
